// !$*UTF8*$!
{
	archiveVersion = 1;
	classes = {
	};
	objectVersion = 46;
	objects = {

/* Begin PBXBuildFile section */
		75AA3CCB1CC4F61A005B6A82 /* AppDelegate.swift in Sources */ = {isa = PBXBuildFile; fileRef = 75AA3CCA1CC4F61A005B6A82 /* AppDelegate.swift */; };
		75AA3CCD1CC4F61A005B6A82 /* ViewController.swift in Sources */ = {isa = PBXBuildFile; fileRef = 75AA3CCC1CC4F61A005B6A82 /* ViewController.swift */; };
		75AA3CD01CC4F61A005B6A82 /* Main.storyboard in Resources */ = {isa = PBXBuildFile; fileRef = 75AA3CCE1CC4F61A005B6A82 /* Main.storyboard */; };
		75AA3CD21CC4F61A005B6A82 /* Assets.xcassets in Resources */ = {isa = PBXBuildFile; fileRef = 75AA3CD11CC4F61A005B6A82 /* Assets.xcassets */; };
		75AA3CD51CC4F61A005B6A82 /* LaunchScreen.storyboard in Resources */ = {isa = PBXBuildFile; fileRef = 75AA3CD31CC4F61A005B6A82 /* LaunchScreen.storyboard */; };
		75AA3CE01CC4F61A005B6A82 /* kataTests.swift in Sources */ = {isa = PBXBuildFile; fileRef = 75AA3CDF1CC4F61A005B6A82 /* kataTests.swift */; };
/* End PBXBuildFile section */

/* Begin PBXContainerItemProxy section */
		75AA3CDC1CC4F61A005B6A82 /* PBXContainerItemProxy */ = {
			isa = PBXContainerItemProxy;
			containerPortal = 75AA3CBF1CC4F61A005B6A82 /* Project object */;
			proxyType = 1;
			remoteGlobalIDString = 75AA3CC61CC4F61A005B6A82;
			remoteInfo = kata;
		};
		75AA3CE71CC4F61A005B6A82 /* PBXContainerItemProxy */ = {
			isa = PBXContainerItemProxy;
			containerPortal = 75AA3CBF1CC4F61A005B6A82 /* Project object */;
			proxyType = 1;
			remoteGlobalIDString = 75AA3CC61CC4F61A005B6A82;
			remoteInfo = kata;
		};
/* End PBXContainerItemProxy section */

/* Begin PBXFileReference section */
		75AA3CC71CC4F61A005B6A82 /* kata.app */ = {isa = PBXFileReference; explicitFileType = wrapper.application; includeInIndex = 0; path = kata.app; sourceTree = BUILT_PRODUCTS_DIR; };
		75AA3CCA1CC4F61A005B6A82 /* AppDelegate.swift */ = {isa = PBXFileReference; lastKnownFileType = sourcecode.swift; path = AppDelegate.swift; sourceTree = "<group>"; };
		75AA3CCC1CC4F61A005B6A82 /* ViewController.swift */ = {isa = PBXFileReference; lastKnownFileType = sourcecode.swift; path = ViewController.swift; sourceTree = "<group>"; };
		75AA3CCF1CC4F61A005B6A82 /* Base */ = {isa = PBXFileReference; lastKnownFileType = file.storyboard; name = Base; path = Base.lproj/Main.storyboard; sourceTree = "<group>"; };
		75AA3CD11CC4F61A005B6A82 /* Assets.xcassets */ = {isa = PBXFileReference; lastKnownFileType = folder.assetcatalog; path = Assets.xcassets; sourceTree = "<group>"; };
		75AA3CD41CC4F61A005B6A82 /* Base */ = {isa = PBXFileReference; lastKnownFileType = file.storyboard; name = Base; path = Base.lproj/LaunchScreen.storyboard; sourceTree = "<group>"; };
		75AA3CD61CC4F61A005B6A82 /* Info.plist */ = {isa = PBXFileReference; lastKnownFileType = text.plist.xml; path = Info.plist; sourceTree = "<group>"; };
		75AA3CDB1CC4F61A005B6A82 /* kataTests.xctest */ = {isa = PBXFileReference; explicitFileType = wrapper.cfbundle; includeInIndex = 0; path = kataTests.xctest; sourceTree = BUILT_PRODUCTS_DIR; };
		75AA3CDF1CC4F61A005B6A82 /* kataTests.swift */ = {isa = PBXFileReference; lastKnownFileType = sourcecode.swift; path = kataTests.swift; sourceTree = "<group>"; };
		75AA3CE11CC4F61A005B6A82 /* Info.plist */ = {isa = PBXFileReference; lastKnownFileType = text.plist.xml; path = Info.plist; sourceTree = "<group>"; };
		75AA3CE61CC4F61A005B6A82 /* kataUITests.xctest */ = {isa = PBXFileReference; explicitFileType = wrapper.cfbundle; includeInIndex = 0; path = kataUITests.xctest; sourceTree = BUILT_PRODUCTS_DIR; };
/* End PBXFileReference section */

/* Begin PBXFrameworksBuildPhase section */
		75AA3CC41CC4F61A005B6A82 /* Frameworks */ = {
			isa = PBXFrameworksBuildPhase;
			buildActionMask = 2147483647;
			files = (
			);
			runOnlyForDeploymentPostprocessing = 0;
		};
		75AA3CD81CC4F61A005B6A82 /* Frameworks */ = {
			isa = PBXFrameworksBuildPhase;
			buildActionMask = 2147483647;
			files = (
			);
			runOnlyForDeploymentPostprocessing = 0;
		};
		75AA3CE31CC4F61A005B6A82 /* Frameworks */ = {
			isa = PBXFrameworksBuildPhase;
			buildActionMask = 2147483647;
			files = (
			);
			runOnlyForDeploymentPostprocessing = 0;
		};
/* End PBXFrameworksBuildPhase section */

/* Begin PBXGroup section */
		75AA3CBE1CC4F61A005B6A82 = {
			isa = PBXGroup;
			children = (
				75AA3CC91CC4F61A005B6A82 /* kata */,
				75AA3CDE1CC4F61A005B6A82 /* kataTests */,
				75AA3CC81CC4F61A005B6A82 /* Products */,
			);
			sourceTree = "<group>";
		};
		75AA3CC81CC4F61A005B6A82 /* Products */ = {
			isa = PBXGroup;
			children = (
				75AA3CC71CC4F61A005B6A82 /* kata.app */,
				75AA3CDB1CC4F61A005B6A82 /* kataTests.xctest */,
				75AA3CE61CC4F61A005B6A82 /* kataUITests.xctest */,
			);
			name = Products;
			sourceTree = "<group>";
		};
		75AA3CC91CC4F61A005B6A82 /* kata */ = {
			isa = PBXGroup;
			children = (
				75AA3CCA1CC4F61A005B6A82 /* AppDelegate.swift */,
				75AA3CCC1CC4F61A005B6A82 /* ViewController.swift */,
				75AA3CCE1CC4F61A005B6A82 /* Main.storyboard */,
				75AA3CD11CC4F61A005B6A82 /* Assets.xcassets */,
				75AA3CD31CC4F61A005B6A82 /* LaunchScreen.storyboard */,
				75AA3CD61CC4F61A005B6A82 /* Info.plist */,
			);
			path = kata;
			sourceTree = "<group>";
		};
		75AA3CDE1CC4F61A005B6A82 /* kataTests */ = {
			isa = PBXGroup;
			children = (
				75AA3CDF1CC4F61A005B6A82 /* kataTests.swift */,
				75AA3CE11CC4F61A005B6A82 /* Info.plist */,
			);
			path = kataTests;
			sourceTree = "<group>";
		};
/* End PBXGroup section */

/* Begin PBXNativeTarget section */
		75AA3CC61CC4F61A005B6A82 /* kata */ = {
			isa = PBXNativeTarget;
			buildConfigurationList = 75AA3CEF1CC4F61A005B6A82 /* Build configuration list for PBXNativeTarget "kata" */;
			buildPhases = (
				75AA3CC31CC4F61A005B6A82 /* Sources */,
				75AA3CC41CC4F61A005B6A82 /* Frameworks */,
				75AA3CC51CC4F61A005B6A82 /* Resources */,
			);
			buildRules = (
			);
			dependencies = (
			);
			name = kata;
			productName = kata;
			productReference = 75AA3CC71CC4F61A005B6A82 /* kata.app */;
			productType = "com.apple.product-type.application";
		};
		75AA3CDA1CC4F61A005B6A82 /* kataTests */ = {
			isa = PBXNativeTarget;
			buildConfigurationList = 75AA3CF21CC4F61A005B6A82 /* Build configuration list for PBXNativeTarget "kataTests" */;
			buildPhases = (
				75AA3CD71CC4F61A005B6A82 /* Sources */,
				75AA3CD81CC4F61A005B6A82 /* Frameworks */,
				75AA3CD91CC4F61A005B6A82 /* Resources */,
			);
			buildRules = (
			);
			dependencies = (
				75AA3CDD1CC4F61A005B6A82 /* PBXTargetDependency */,
			);
			name = kataTests;
			productName = kataTests;
			productReference = 75AA3CDB1CC4F61A005B6A82 /* kataTests.xctest */;
			productType = "com.apple.product-type.bundle.unit-test";
		};
		75AA3CE51CC4F61A005B6A82 /* kataUITests */ = {
			isa = PBXNativeTarget;
			buildConfigurationList = 75AA3CF51CC4F61A005B6A82 /* Build configuration list for PBXNativeTarget "kataUITests" */;
			buildPhases = (
				75AA3CE21CC4F61A005B6A82 /* Sources */,
				75AA3CE31CC4F61A005B6A82 /* Frameworks */,
				75AA3CE41CC4F61A005B6A82 /* Resources */,
			);
			buildRules = (
			);
			dependencies = (
				75AA3CE81CC4F61A005B6A82 /* PBXTargetDependency */,
			);
			name = kataUITests;
			productName = kataUITests;
			productReference = 75AA3CE61CC4F61A005B6A82 /* kataUITests.xctest */;
			productType = "com.apple.product-type.bundle.ui-testing";
		};
/* End PBXNativeTarget section */

/* Begin PBXProject section */
		75AA3CBF1CC4F61A005B6A82 /* Project object */ = {
			isa = PBXProject;
			attributes = {
				LastSwiftUpdateCheck = 0710;
				LastUpgradeCheck = 0710;
				ORGANIZATIONNAME = andrei;
				TargetAttributes = {
					75AA3CC61CC4F61A005B6A82 = {
						CreatedOnToolsVersion = 7.1.1;
					};
					75AA3CDA1CC4F61A005B6A82 = {
						CreatedOnToolsVersion = 7.1.1;
						TestTargetID = 75AA3CC61CC4F61A005B6A82;
					};
					75AA3CE51CC4F61A005B6A82 = {
						CreatedOnToolsVersion = 7.1.1;
						TestTargetID = 75AA3CC61CC4F61A005B6A82;
					};
				};
			};
			buildConfigurationList = 75AA3CC21CC4F61A005B6A82 /* Build configuration list for PBXProject "kata" */;
			compatibilityVersion = "Xcode 3.2";
			developmentRegion = English;
			hasScannedForEncodings = 0;
			knownRegions = (
				en,
				Base,
			);
			mainGroup = 75AA3CBE1CC4F61A005B6A82;
			productRefGroup = 75AA3CC81CC4F61A005B6A82 /* Products */;
			projectDirPath = "";
			projectRoot = "";
			targets = (
				75AA3CC61CC4F61A005B6A82 /* kata */,
				75AA3CDA1CC4F61A005B6A82 /* kataTests */,
				75AA3CE51CC4F61A005B6A82 /* kataUITests */,
			);
		};
/* End PBXProject section */

/* Begin PBXResourcesBuildPhase section */
		75AA3CC51CC4F61A005B6A82 /* Resources */ = {
			isa = PBXResourcesBuildPhase;
			buildActionMask = 2147483647;
			files = (
				75AA3CD51CC4F61A005B6A82 /* LaunchScreen.storyboard in Resources */,
				75AA3CD21CC4F61A005B6A82 /* Assets.xcassets in Resources */,
				75AA3CD01CC4F61A005B6A82 /* Main.storyboard in Resources */,
			);
			runOnlyForDeploymentPostprocessing = 0;
		};
		75AA3CD91CC4F61A005B6A82 /* Resources */ = {
			isa = PBXResourcesBuildPhase;
			buildActionMask = 2147483647;
			files = (
			);
			runOnlyForDeploymentPostprocessing = 0;
		};
		75AA3CE41CC4F61A005B6A82 /* Resources */ = {
			isa = PBXResourcesBuildPhase;
			buildActionMask = 2147483647;
			files = (
			);
			runOnlyForDeploymentPostprocessing = 0;
		};
/* End PBXResourcesBuildPhase section */

/* Begin PBXSourcesBuildPhase section */
		75AA3CC31CC4F61A005B6A82 /* Sources */ = {
			isa = PBXSourcesBuildPhase;
			buildActionMask = 2147483647;
			files = (
				75AA3CCD1CC4F61A005B6A82 /* ViewController.swift in Sources */,
				75AA3CCB1CC4F61A005B6A82 /* AppDelegate.swift in Sources */,
			);
			runOnlyForDeploymentPostprocessing = 0;
		};
		75AA3CD71CC4F61A005B6A82 /* Sources */ = {
			isa = PBXSourcesBuildPhase;
			buildActionMask = 2147483647;
			files = (
				75AA3CE01CC4F61A005B6A82 /* kataTests.swift in Sources */,
			);
			runOnlyForDeploymentPostprocessing = 0;
		};
		75AA3CE21CC4F61A005B6A82 /* Sources */ = {
			isa = PBXSourcesBuildPhase;
			buildActionMask = 2147483647;
			files = (
			);
			runOnlyForDeploymentPostprocessing = 0;
		};
/* End PBXSourcesBuildPhase section */

/* Begin PBXTargetDependency section */
		75AA3CDD1CC4F61A005B6A82 /* PBXTargetDependency */ = {
			isa = PBXTargetDependency;
			target = 75AA3CC61CC4F61A005B6A82 /* kata */;
			targetProxy = 75AA3CDC1CC4F61A005B6A82 /* PBXContainerItemProxy */;
		};
		75AA3CE81CC4F61A005B6A82 /* PBXTargetDependency */ = {
			isa = PBXTargetDependency;
			target = 75AA3CC61CC4F61A005B6A82 /* kata */;
			targetProxy = 75AA3CE71CC4F61A005B6A82 /* PBXContainerItemProxy */;
		};
/* End PBXTargetDependency section */

/* Begin PBXVariantGroup section */
		75AA3CCE1CC4F61A005B6A82 /* Main.storyboard */ = {
			isa = PBXVariantGroup;
			children = (
				75AA3CCF1CC4F61A005B6A82 /* Base */,
			);
			name = Main.storyboard;
			sourceTree = "<group>";
		};
		75AA3CD31CC4F61A005B6A82 /* LaunchScreen.storyboard */ = {
			isa = PBXVariantGroup;
			children = (
				75AA3CD41CC4F61A005B6A82 /* Base */,
			);
			name = LaunchScreen.storyboard;
			sourceTree = "<group>";
		};
/* End PBXVariantGroup section */

/* Begin XCBuildConfiguration section */
		75AA3CED1CC4F61A005B6A82 /* Debug */ = {
			isa = XCBuildConfiguration;
			buildSettings = {
				ALWAYS_SEARCH_USER_PATHS = NO;
				CLANG_CXX_LANGUAGE_STANDARD = "gnu++0x";
				CLANG_CXX_LIBRARY = "libc++";
				CLANG_ENABLE_MODULES = YES;
				CLANG_ENABLE_OBJC_ARC = YES;
				CLANG_WARN_BOOL_CONVERSION = YES;
				CLANG_WARN_CONSTANT_CONVERSION = YES;
				CLANG_WARN_DIRECT_OBJC_ISA_USAGE = YES_ERROR;
				CLANG_WARN_EMPTY_BODY = YES;
				CLANG_WARN_ENUM_CONVERSION = YES;
				CLANG_WARN_INT_CONVERSION = YES;
				CLANG_WARN_OBJC_ROOT_CLASS = YES_ERROR;
				CLANG_WARN_UNREACHABLE_CODE = YES;
				CLANG_WARN__DUPLICATE_METHOD_MATCH = YES;
				"CODE_SIGN_IDENTITY[sdk=iphoneos*]" = "iPhone Developer";
				COPY_PHASE_STRIP = NO;
				DEBUG_INFORMATION_FORMAT = dwarf;
				ENABLE_STRICT_OBJC_MSGSEND = YES;
				ENABLE_TESTABILITY = YES;
				GCC_C_LANGUAGE_STANDARD = gnu99;
				GCC_DYNAMIC_NO_PIC = NO;
				GCC_NO_COMMON_BLOCKS = YES;
				GCC_OPTIMIZATION_LEVEL = 0;
				GCC_PREPROCESSOR_DEFINITIONS = (
					"DEBUG=1",
					"$(inherited)",
				);
				GCC_WARN_64_TO_32_BIT_CONVERSION = YES;
				GCC_WARN_ABOUT_RETURN_TYPE = YES_ERROR;
				GCC_WARN_UNDECLARED_SELECTOR = YES;
				GCC_WARN_UNINITIALIZED_AUTOS = YES_AGGRESSIVE;
				GCC_WARN_UNUSED_FUNCTION = YES;
				GCC_WARN_UNUSED_VARIABLE = YES;
				IPHONEOS_DEPLOYMENT_TARGET = 9.1;
				MTL_ENABLE_DEBUG_INFO = YES;
				ONLY_ACTIVE_ARCH = YES;
				SDKROOT = iphoneos;
				SWIFT_OPTIMIZATION_LEVEL = "-Onone";
				TARGETED_DEVICE_FAMILY = "1,2";
			};
			name = Debug;
		};
		75AA3CEE1CC4F61A005B6A82 /* Release */ = {
			isa = XCBuildConfiguration;
			buildSettings = {
				ALWAYS_SEARCH_USER_PATHS = NO;
				CLANG_CXX_LANGUAGE_STANDARD = "gnu++0x";
				CLANG_CXX_LIBRARY = "libc++";
				CLANG_ENABLE_MODULES = YES;
				CLANG_ENABLE_OBJC_ARC = YES;
				CLANG_WARN_BOOL_CONVERSION = YES;
				CLANG_WARN_CONSTANT_CONVERSION = YES;
				CLANG_WARN_DIRECT_OBJC_ISA_USAGE = YES_ERROR;
				CLANG_WARN_EMPTY_BODY = YES;
				CLANG_WARN_ENUM_CONVERSION = YES;
				CLANG_WARN_INT_CONVERSION = YES;
				CLANG_WARN_OBJC_ROOT_CLASS = YES_ERROR;
				CLANG_WARN_UNREACHABLE_CODE = YES;
				CLANG_WARN__DUPLICATE_METHOD_MATCH = YES;
				"CODE_SIGN_IDENTITY[sdk=iphoneos*]" = "iPhone Developer";
				COPY_PHASE_STRIP = NO;
				DEBUG_INFORMATION_FORMAT = "dwarf-with-dsym";
				ENABLE_NS_ASSERTIONS = NO;
				ENABLE_STRICT_OBJC_MSGSEND = YES;
				GCC_C_LANGUAGE_STANDARD = gnu99;
				GCC_NO_COMMON_BLOCKS = YES;
				GCC_WARN_64_TO_32_BIT_CONVERSION = YES;
				GCC_WARN_ABOUT_RETURN_TYPE = YES_ERROR;
				GCC_WARN_UNDECLARED_SELECTOR = YES;
				GCC_WARN_UNINITIALIZED_AUTOS = YES_AGGRESSIVE;
				GCC_WARN_UNUSED_FUNCTION = YES;
				GCC_WARN_UNUSED_VARIABLE = YES;
				IPHONEOS_DEPLOYMENT_TARGET = 9.1;
				MTL_ENABLE_DEBUG_INFO = NO;
				SDKROOT = iphoneos;
				TARGETED_DEVICE_FAMILY = "1,2";
				VALIDATE_PRODUCT = YES;
			};
			name = Release;
		};
		75AA3CF01CC4F61A005B6A82 /* Debug */ = {
			isa = XCBuildConfiguration;
			buildSettings = {
				ASSETCATALOG_COMPILER_APPICON_NAME = AppIcon;
				INFOPLIST_FILE = kata/Info.plist;
				LD_RUNPATH_SEARCH_PATHS = "$(inherited) @executable_path/Frameworks";
				PRODUCT_BUNDLE_IDENTIFIER = com.andrei.kata;
				PRODUCT_NAME = "$(TARGET_NAME)";
			};
			name = Debug;
		};
		75AA3CF11CC4F61A005B6A82 /* Release */ = {
			isa = XCBuildConfiguration;
			buildSettings = {
				ASSETCATALOG_COMPILER_APPICON_NAME = AppIcon;
				INFOPLIST_FILE = kata/Info.plist;
				LD_RUNPATH_SEARCH_PATHS = "$(inherited) @executable_path/Frameworks";
				PRODUCT_BUNDLE_IDENTIFIER = com.andrei.kata;
				PRODUCT_NAME = "$(TARGET_NAME)";
			};
			name = Release;
		};
		75AA3CF31CC4F61A005B6A82 /* Debug */ = {
			isa = XCBuildConfiguration;
			buildSettings = {
				BUNDLE_LOADER = "$(TEST_HOST)";
				INFOPLIST_FILE = kataTests/Info.plist;
				LD_RUNPATH_SEARCH_PATHS = "$(inherited) @executable_path/Frameworks @loader_path/Frameworks";
				PRODUCT_BUNDLE_IDENTIFIER = com.andrei.kataTests;
				PRODUCT_NAME = "$(TARGET_NAME)";
				TEST_HOST = "$(BUILT_PRODUCTS_DIR)/kata.app/kata";
			};
			name = Debug;
		};
		75AA3CF41CC4F61A005B6A82 /* Release */ = {
			isa = XCBuildConfiguration;
			buildSettings = {
				BUNDLE_LOADER = "$(TEST_HOST)";
				INFOPLIST_FILE = kataTests/Info.plist;
				LD_RUNPATH_SEARCH_PATHS = "$(inherited) @executable_path/Frameworks @loader_path/Frameworks";
				PRODUCT_BUNDLE_IDENTIFIER = com.andrei.kataTests;
				PRODUCT_NAME = "$(TARGET_NAME)";
				TEST_HOST = "$(BUILT_PRODUCTS_DIR)/kata.app/kata";
			};
			name = Release;
		};
		75AA3CF61CC4F61A005B6A82 /* Debug */ = {
			isa = XCBuildConfiguration;
			buildSettings = {
				INFOPLIST_FILE = kataUITests/Info.plist;
				LD_RUNPATH_SEARCH_PATHS = "$(inherited) @executable_path/Frameworks @loader_path/Frameworks";
				PRODUCT_BUNDLE_IDENTIFIER = com.andrei.kataUITests;
				PRODUCT_NAME = "$(TARGET_NAME)";
				TEST_TARGET_NAME = kata;
				USES_XCTRUNNER = YES;
			};
			name = Debug;
		};
		75AA3CF71CC4F61A005B6A82 /* Release */ = {
			isa = XCBuildConfiguration;
			buildSettings = {
				INFOPLIST_FILE = kataUITests/Info.plist;
				LD_RUNPATH_SEARCH_PATHS = "$(inherited) @executable_path/Frameworks @loader_path/Frameworks";
				PRODUCT_BUNDLE_IDENTIFIER = com.andrei.kataUITests;
				PRODUCT_NAME = "$(TARGET_NAME)";
				TEST_TARGET_NAME = kata;
				USES_XCTRUNNER = YES;
			};
			name = Release;
		};
/* End XCBuildConfiguration section */

/* Begin XCConfigurationList section */
		75AA3CC21CC4F61A005B6A82 /* Build configuration list for PBXProject "kata" */ = {
			isa = XCConfigurationList;
			buildConfigurations = (
				75AA3CED1CC4F61A005B6A82 /* Debug */,
				75AA3CEE1CC4F61A005B6A82 /* Release */,
			);
			defaultConfigurationIsVisible = 0;
			defaultConfigurationName = Release;
		};
		75AA3CEF1CC4F61A005B6A82 /* Build configuration list for PBXNativeTarget "kata" */ = {
			isa = XCConfigurationList;
			buildConfigurations = (
				75AA3CF01CC4F61A005B6A82 /* Debug */,
				75AA3CF11CC4F61A005B6A82 /* Release */,
			);
			defaultConfigurationIsVisible = 0;
		};
		75AA3CF21CC4F61A005B6A82 /* Build configuration list for PBXNativeTarget "kataTests" */ = {
			isa = XCConfigurationList;
			buildConfigurations = (
				75AA3CF31CC4F61A005B6A82 /* Debug */,
				75AA3CF41CC4F61A005B6A82 /* Release */,
			);
			defaultConfigurationIsVisible = 0;
		};
		75AA3CF51CC4F61A005B6A82 /* Build configuration list for PBXNativeTarget "kataUITests" */ = {
			isa = XCConfigurationList;
			buildConfigurations = (
				75AA3CF61CC4F61A005B6A82 /* Debug */,
				75AA3CF71CC4F61A005B6A82 /* Release */,
			);
			defaultConfigurationIsVisible = 0;
		};
/* End XCConfigurationList section */
	};
	rootObject = 75AA3CBF1CC4F61A005B6A82 /* Project object */;
}
